{
  "name": "cakeboostfront1",
  "lockfileVersion": 2,
  "requires": true,
  "packages": {
    "": {
      "dependencies": {
        "vue-keep-alive": "^1.0.2"
      }
    },
    "node_modules/vue-keep-alive": {
      "version": "1.0.2",
      "resolved": "https://registry.npmjs.org/vue-keep-alive/-/vue-keep-alive-1.0.2.tgz",
      "integrity": "sha512-wAJtuZgRT0a7L3ZYdzGRbAGJiC0pmJ/2uYs5L66kOKsfoS8S5+D5I3tmPAS4ABxYHPI+8Kzqmnd6dACb68cvNw=="
    }
  },
  "dependencies": {
    "vue-keep-alive": {
      "version": "1.0.2",
      "resolved": "https://registry.npmjs.org/vue-keep-alive/-/vue-keep-alive-1.0.2.tgz",
      "integrity": "sha512-wAJtuZgRT0a7L3ZYdzGRbAGJiC0pmJ/2uYs5L66kOKsfoS8S5+D5I3tmPAS4ABxYHPI+8Kzqmnd6dACb68cvNw=="
    }
  }
}
